
Microsoft Visual Studio Solution File, Format Version 12.00
# Visual Studio Version 16
VisualStudioVersion = 16.0.33529.622
MinimumVisualStudioVersion = 10.0.40219.1
Project("{FAE04EC0-301F-11D3-BF4B-00C04F79EFBC}") = "EmployeeManagement", "EmployeeManagement.csproj", "{D6FD7FD9-60AD-4762-8A09-C15A02578C41}"
EndProject
Global
	GlobalSection(SolutionConfigurationPlatforms) = preSolution
		Debug|Any CPU = Debug|Any CPU
		Release|Any CPU = Release|Any CPU
	EndGlobalSection
	GlobalSection(ProjectConfigurationPlatforms) = postSolution
		{D6FD7FD9-60AD-4762-8A09-C15A02578C41}.Debug|Any CPU.ActiveCfg = Debug|Any CPU
		{D6FD7FD9-60AD-4762-8A09-C15A02578C41}.Debug|Any CPU.Build.0 = Debug|Any CPU
		{D6FD7FD9-60AD-4762-8A09-C15A02578C41}.Release|Any CPU.ActiveCfg = Release|Any CPU
		{D6FD7FD9-60AD-4762-8A09-C15A02578C41}.Release|Any CPU.Build.0 = Release|Any CPU
	EndGlobalSection
	GlobalSection(SolutionProperties) = preSolution
		HideSolutionNode = FALSE
	EndGlobalSection
	GlobalSection(ExtensibilityGlobals) = postSolution
		SolutionGuid = {F2F6D8CF-D696-476D-890A-3594704279F5}
	EndGlobalSection
EndGlobal
